{
  "nodes": {
    "home-manager": {
      "inputs": {
        "nixpkgs": [
          "nixpkgs"
        ]
      },
      "locked": {
        "lastModified": 1716953348,
        "narHash": "sha256-jmmsEywifaAaiTORhfuQDg9P6G1fwScQdZWkxWGgJx0=",
        "owner": "nix-community",
        "repo": "home-manager",
        "rev": "04bc391a90f8ae2a953035f33ddebaeccbc0a36b",
        "type": "github"
      },
      "original": {
        "owner": "nix-community",
        "repo": "home-manager",
        "type": "github"
      }
    },
    "nixos-hardware": {
      "locked": {
        "lastModified": 1716987116,
        "narHash": "sha256-uuEkErFVsFdg2K0cKbNQ9JlFSAm/xYqPr4rbPLI91Y8=",
        "owner": "NixOS",
        "repo": "nixos-hardware",
        "rev": "8251761f93d6f5b91cee45ac09edb6e382641009",
        "type": "github"
      },
      "original": {
        "owner": "NixOS",
        "repo": "nixos-hardware",
        "type": "github"
      }
    },
    "nixpkgs": {
      "locked": {
        "lastModified": 1716966868,
        "narHash": "sha256-I5dlFm936SkuUu9haYabEBCUPeX6EuXLT1uFkEM/lbY=",
        "owner": "nixos",
        "repo": "nixpkgs",
        "rev": "fafeae3d248c41c6c8a2ab5e09f9e2d3de706ef8",
        "type": "github"
      },
      "original": {
        "owner": "nixos",
        "ref": "nixos-24.05",
        "repo": "nixpkgs",
        "type": "github"
      }
    },
    "root": {
      "inputs": {
        "home-manager": "home-manager",
        "nixos-hardware": "nixos-hardware",
        "nixpkgs": "nixpkgs"
      }
    }
  },
  "root": "root",
  "version": 7
}
